
Microsoft Visual Studio Solution File, Format Version 12.00
# Visual Studio 15
VisualStudioVersion = 15.0.28307.572
MinimumVisualStudioVersion = 10.0.40219.1
Project("{9A19103F-16F7-4668-BE54-9A1E7A4F7556}") = "Receitas2019.Web", "receitas2019\Receitas2019.Web.csproj", "{B372C41A-A96A-4506-A0BA-1A24741CB4E8}"
EndProject
Project("{9A19103F-16F7-4668-BE54-9A1E7A4F7556}") = "Receitas2019.Core", "Receitas2019.Core\Receitas2019.Core.csproj", "{9EEC27FA-898E-4961-BF11-2BF6E8D06845}"
EndProject
Project("{FAE04EC0-301F-11D3-BF4B-00C04F79EFBC}") = "Receitas2019.API", "Receitas2019.API\Receitas2019.API.csproj", "{F40B4F72-AD23-4206-B640-B5E09A2D8DC7}"
EndProject
Global
	GlobalSection(SolutionConfigurationPlatforms) = preSolution
		Debug|Any CPU = Debug|Any CPU
		Release|Any CPU = Release|Any CPU
	EndGlobalSection
	GlobalSection(ProjectConfigurationPlatforms) = postSolution
		{B372C41A-A96A-4506-A0BA-1A24741CB4E8}.Debug|Any CPU.ActiveCfg = Debug|Any CPU
		{B372C41A-A96A-4506-A0BA-1A24741CB4E8}.Debug|Any CPU.Build.0 = Debug|Any CPU
		{B372C41A-A96A-4506-A0BA-1A24741CB4E8}.Release|Any CPU.ActiveCfg = Release|Any CPU
		{B372C41A-A96A-4506-A0BA-1A24741CB4E8}.Release|Any CPU.Build.0 = Release|Any CPU
		{9EEC27FA-898E-4961-BF11-2BF6E8D06845}.Debug|Any CPU.ActiveCfg = Debug|Any CPU
		{9EEC27FA-898E-4961-BF11-2BF6E8D06845}.Debug|Any CPU.Build.0 = Debug|Any CPU
		{9EEC27FA-898E-4961-BF11-2BF6E8D06845}.Release|Any CPU.ActiveCfg = Release|Any CPU
		{9EEC27FA-898E-4961-BF11-2BF6E8D06845}.Release|Any CPU.Build.0 = Release|Any CPU
		{F40B4F72-AD23-4206-B640-B5E09A2D8DC7}.Debug|Any CPU.ActiveCfg = Debug|Any CPU
		{F40B4F72-AD23-4206-B640-B5E09A2D8DC7}.Debug|Any CPU.Build.0 = Debug|Any CPU
		{F40B4F72-AD23-4206-B640-B5E09A2D8DC7}.Release|Any CPU.ActiveCfg = Release|Any CPU
		{F40B4F72-AD23-4206-B640-B5E09A2D8DC7}.Release|Any CPU.Build.0 = Release|Any CPU
	EndGlobalSection
	GlobalSection(SolutionProperties) = preSolution
		HideSolutionNode = FALSE
	EndGlobalSection
	GlobalSection(ExtensibilityGlobals) = postSolution
		SolutionGuid = {C0D221EE-CDBF-46EF-A05C-5CA1419250FC}
	EndGlobalSection
EndGlobal
